schema: '2.0'
stages:
  preprocess:
    cmd: python preprocess.py
    deps:
    - path: Titanic-Dataset.csv
      hash: md5
      md5: 2309cc5f04782ed9bb6016d9f4e381cf
      size: 61194
    - path: preprocess.py
      hash: md5
      md5: d2760f15b525ccdd5b54b62f7173ae1b
      size: 1082
    outs:
    - path: data/test.csv
      hash: md5
      md5: 6ab18d2e4f0c6bcc795271a82af60996
      size: 4705
    - path: data/train.csv
      hash: md5
      md5: 2f12c4408db756445f709d6fbd4591ea
      size: 18647
  train:
    cmd: python train.py
    deps:
    - path: data/train.csv
      hash: md5
      md5: 2f12c4408db756445f709d6fbd4591ea
      size: 18647
    - path: train.py
      hash: md5
      md5: 79fdaf0dcfd5801bc9318d22df09c50e
      size: 595
    outs:
    - path: model/model.pkl
      hash: md5
      md5: a1d24f8350f0b1ac8626c1e69f7f48b2
      size: 479246
  validate:
    cmd: python validate.py
    deps:
    - path: data/test.csv
      hash: md5
      md5: 6ab18d2e4f0c6bcc795271a82af60996
      size: 4705
    - path: model/model.pkl
      hash: md5
      md5: a1d24f8350f0b1ac8626c1e69f7f48b2
      size: 479246
    - path: validate.py
      hash: md5
      md5: 462ca731630e443df6612e624071449d
      size: 881
    outs:
    - path: results/confusion_matrix.png
      hash: md5
      md5: 93785d54131bee4124ebeb4f6e246733
      size: 17264
    - path: results/metrics.json
      hash: md5
      md5: 59b33ea56bddf4975960b00440a22958
      size: 40
